
Microsoft Visual Studio Solution File, Format Version 12.00
# Visual Studio Version 16
VisualStudioVersion = 16.0.30804.86
MinimumVisualStudioVersion = 10.0.40219.1
Project("{FAE04EC0-301F-11D3-BF4B-00C04F79EFBC}") = "Razor(MVC)", "Razor(MVC).csproj", "{E21F4884-0458-46C0-A3DB-1316CA1AFDAF}"
EndProject
Global
	GlobalSection(SolutionConfigurationPlatforms) = preSolution
		Debug|Any CPU = Debug|Any CPU
		Release|Any CPU = Release|Any CPU
	EndGlobalSection
	GlobalSection(ProjectConfigurationPlatforms) = postSolution
		{E21F4884-0458-46C0-A3DB-1316CA1AFDAF}.Debug|Any CPU.ActiveCfg = Debug|Any CPU
		{E21F4884-0458-46C0-A3DB-1316CA1AFDAF}.Debug|Any CPU.Build.0 = Debug|Any CPU
		{E21F4884-0458-46C0-A3DB-1316CA1AFDAF}.Release|Any CPU.ActiveCfg = Release|Any CPU
		{E21F4884-0458-46C0-A3DB-1316CA1AFDAF}.Release|Any CPU.Build.0 = Release|Any CPU
	EndGlobalSection
	GlobalSection(SolutionProperties) = preSolution
		HideSolutionNode = FALSE
	EndGlobalSection
	GlobalSection(ExtensibilityGlobals) = postSolution
		SolutionGuid = {6B5AD043-3EB6-4ECA-99BF-208B9C539171}
	EndGlobalSection
EndGlobal
